<Solution>
  <Folder Name="/src/">
    <Project Path="src/ExpenseTracker.Application/ExpenseTracker.Application.csproj" />
    <Project Path="src/ExpenseTracker.Domain/ExpenseTracker.Domain.csproj" />
    <Project Path="src/ExpenseTracker.Infrastructure/ExpenseTracker.Infrastructure.csproj" />
    <Project Path="src/ExpenseTracker.Web/ExpenseTracker.Web.csproj" />
  </Folder>
  <Folder Name="/tests/">
    <Project Path="tests/ExpenseTracker.Application.UnitTests/ExpenseTracker.Application.UnitTests.csproj" />
    <Project Path="tests/ExpenseTracker.Domain.UnitTests/ExpenseTracker.Domain.UnitTests.csproj" />
    <Project Path="tests/ExpenseTracker.Infrastructure.IntegrationTests/ExpenseTracker.Infrastructure.IntegrationTests.csproj" />
    <Project Path="tests/ExpenseTracker.Web.IntegrationTests/ExpenseTracker.Web.IntegrationTests.csproj" />
  </Folder>
</Solution>
